
Microsoft Visual Studio Solution File, Format Version 12.00
# Visual Studio 15
VisualStudioVersion = 15.0.28307.1022
MinimumVisualStudioVersion = 10.0.40219.1
Project("{8BC9CEB8-8B4A-11D0-8D11-00A0C91BC942}") = "20200603", "20200603\20200603.vcxproj", "{567ACA90-E5CC-486D-B8B3-29A5987757DC}"
EndProject
Global
	GlobalSection(SolutionConfigurationPlatforms) = preSolution
		Debug|x64 = Debug|x64
		Debug|x86 = Debug|x86
		Release|x64 = Release|x64
		Release|x86 = Release|x86
	EndGlobalSection
	GlobalSection(ProjectConfigurationPlatforms) = postSolution
		{567ACA90-E5CC-486D-B8B3-29A5987757DC}.Debug|x64.ActiveCfg = Debug|x64
		{567ACA90-E5CC-486D-B8B3-29A5987757DC}.Debug|x64.Build.0 = Debug|x64
		{567ACA90-E5CC-486D-B8B3-29A5987757DC}.Debug|x86.ActiveCfg = Debug|Win32
		{567ACA90-E5CC-486D-B8B3-29A5987757DC}.Debug|x86.Build.0 = Debug|Win32
		{567ACA90-E5CC-486D-B8B3-29A5987757DC}.Release|x64.ActiveCfg = Release|x64
		{567ACA90-E5CC-486D-B8B3-29A5987757DC}.Release|x64.Build.0 = Release|x64
		{567ACA90-E5CC-486D-B8B3-29A5987757DC}.Release|x86.ActiveCfg = Release|Win32
		{567ACA90-E5CC-486D-B8B3-29A5987757DC}.Release|x86.Build.0 = Release|Win32
	EndGlobalSection
	GlobalSection(SolutionProperties) = preSolution
		HideSolutionNode = FALSE
	EndGlobalSection
	GlobalSection(ExtensibilityGlobals) = postSolution
		SolutionGuid = {D8C0E637-A5FF-4D11-B94E-38937490605F}
	EndGlobalSection
EndGlobal
